
Microsoft Visual Studio Solution File, Format Version 12.00
Project("{FAE04EC0-301F-11D3-BF4B-00C04F79EFBC}") = "Scripters.Regula.Plataform", "Scripters.Regula.Plataform\Scripters.Regula.Plataform.csproj", "{B78E837F-2938-4A45-9E61-33144D1504BA}"
EndProject
Global
	GlobalSection(SolutionConfigurationPlatforms) = preSolution
		Debug|Any CPU = Debug|Any CPU
		Release|Any CPU = Release|Any CPU
	EndGlobalSection
	GlobalSection(ProjectConfigurationPlatforms) = postSolution
		{B78E837F-2938-4A45-9E61-33144D1504BA}.Debug|Any CPU.ActiveCfg = Debug|Any CPU
		{B78E837F-2938-4A45-9E61-33144D1504BA}.Debug|Any CPU.Build.0 = Debug|Any CPU
		{B78E837F-2938-4A45-9E61-33144D1504BA}.Release|Any CPU.ActiveCfg = Release|Any CPU
		{B78E837F-2938-4A45-9E61-33144D1504BA}.Release|Any CPU.Build.0 = Release|Any CPU
	EndGlobalSection
EndGlobal
